// !$*UTF8*$!
{
	archiveVersion = 1;
	classes = {
	};
	objectVersion = 46;
	objects = {

/* Begin PBXBuildFile section */
		01666FA21B1EC853009E016C /* AppDelegate.swift in Sources */ = {isa = PBXBuildFile; fileRef = 01666FA11B1EC853009E016C /* AppDelegate.swift */; };
		01666FA41B1EC853009E016C /* ViewController.swift in Sources */ = {isa = PBXBuildFile; fileRef = 01666FA31B1EC853009E016C /* ViewController.swift */; };
		01666FA71B1EC853009E016C /* Main.storyboard in Resources */ = {isa = PBXBuildFile; fileRef = 01666FA51B1EC853009E016C /* Main.storyboard */; };
		01666FA91B1EC853009E016C /* Images.xcassets in Resources */ = {isa = PBXBuildFile; fileRef = 01666FA81B1EC853009E016C /* Images.xcassets */; };
		01666FAC1B1EC853009E016C /* LaunchScreen.xib in Resources */ = {isa = PBXBuildFile; fileRef = 01666FAA1B1EC853009E016C /* LaunchScreen.xib */; };
		01666FB81B1EC853009E016C /* PostcardTests.swift in Sources */ = {isa = PBXBuildFile; fileRef = 01666FB71B1EC853009E016C /* PostcardTests.swift */; };
/* End PBXBuildFile section */

/* Begin PBXContainerItemProxy section */
		01666FB21B1EC853009E016C /* PBXContainerItemProxy */ = {
			isa = PBXContainerItemProxy;
			containerPortal = 01666F941B1EC853009E016C /* Project object */;
			proxyType = 1;
			remoteGlobalIDString = 01666F9B1B1EC853009E016C;
			remoteInfo = Postcard;
		};
/* End PBXContainerItemProxy section */

/* Begin PBXFileReference section */
		01666F9C1B1EC853009E016C /* Postcard.app */ = {isa = PBXFileReference; explicitFileType = wrapper.application; includeInIndex = 0; path = Postcard.app; sourceTree = BUILT_PRODUCTS_DIR; };
		01666FA01B1EC853009E016C /* Info.plist */ = {isa = PBXFileReference; lastKnownFileType = text.plist.xml; path = Info.plist; sourceTree = "<group>"; };
		01666FA11B1EC853009E016C /* AppDelegate.swift */ = {isa = PBXFileReference; lastKnownFileType = sourcecode.swift; path = AppDelegate.swift; sourceTree = "<group>"; };
		01666FA31B1EC853009E016C /* ViewController.swift */ = {isa = PBXFileReference; lastKnownFileType = sourcecode.swift; path = ViewController.swift; sourceTree = "<group>"; };
		01666FA61B1EC853009E016C /* Base */ = {isa = PBXFileReference; lastKnownFileType = file.storyboard; name = Base; path = Base.lproj/Main.storyboard; sourceTree = "<group>"; };
		01666FA81B1EC853009E016C /* Images.xcassets */ = {isa = PBXFileReference; lastKnownFileType = folder.assetcatalog; path = Images.xcassets; sourceTree = "<group>"; };
		01666FAB1B1EC853009E016C /* Base */ = {isa = PBXFileReference; lastKnownFileType = file.xib; name = Base; path = Base.lproj/LaunchScreen.xib; sourceTree = "<group>"; };
		01666FB11B1EC853009E016C /* PostcardTests.xctest */ = {isa = PBXFileReference; explicitFileType = wrapper.cfbundle; includeInIndex = 0; path = PostcardTests.xctest; sourceTree = BUILT_PRODUCTS_DIR; };
		01666FB61B1EC853009E016C /* Info.plist */ = {isa = PBXFileReference; lastKnownFileType = text.plist.xml; path = Info.plist; sourceTree = "<group>"; };
		01666FB71B1EC853009E016C /* PostcardTests.swift */ = {isa = PBXFileReference; lastKnownFileType = sourcecode.swift; path = PostcardTests.swift; sourceTree = "<group>"; };
/* End PBXFileReference section */

/* Begin PBXFrameworksBuildPhase section */
		01666F991B1EC853009E016C /* Frameworks */ = {
			isa = PBXFrameworksBuildPhase;
			buildActionMask = 2147483647;
			files = (
			);
			runOnlyForDeploymentPostprocessing = 0;
		};
		01666FAE1B1EC853009E016C /* Frameworks */ = {
			isa = PBXFrameworksBuildPhase;
			buildActionMask = 2147483647;
			files = (
			);
			runOnlyForDeploymentPostprocessing = 0;
		};
/* End PBXFrameworksBuildPhase section */

/* Begin PBXGroup section */
		01666F931B1EC853009E016C = {
			isa = PBXGroup;
			children = (
				01666F9E1B1EC853009E016C /* Postcard */,
				01666FB41B1EC853009E016C /* PostcardTests */,
				01666F9D1B1EC853009E016C /* Products */,
			);
			sourceTree = "<group>";
		};
		01666F9D1B1EC853009E016C /* Products */ = {
			isa = PBXGroup;
			children = (
				01666F9C1B1EC853009E016C /* Postcard.app */,
				01666FB11B1EC853009E016C /* PostcardTests.xctest */,
			);
			name = Products;
			sourceTree = "<group>";
		};
		01666F9E1B1EC853009E016C /* Postcard */ = {
			isa = PBXGroup;
			children = (
				01666FA11B1EC853009E016C /* AppDelegate.swift */,
				01666FA31B1EC853009E016C /* ViewController.swift */,
				01666FA51B1EC853009E016C /* Main.storyboard */,
				01666FA81B1EC853009E016C /* Images.xcassets */,
				01666FAA1B1EC853009E016C /* LaunchScreen.xib */,
				01666F9F1B1EC853009E016C /* Supporting Files */,
			);
			path = Postcard;
			sourceTree = "<group>";
		};
		01666F9F1B1EC853009E016C /* Supporting Files */ = {
			isa = PBXGroup;
			children = (
				01666FA01B1EC853009E016C /* Info.plist */,
			);
			name = "Supporting Files";
			sourceTree = "<group>";
		};
		01666FB41B1EC853009E016C /* PostcardTests */ = {
			isa = PBXGroup;
			children = (
				01666FB71B1EC853009E016C /* PostcardTests.swift */,
				01666FB51B1EC853009E016C /* Supporting Files */,
			);
			path = PostcardTests;
			sourceTree = "<group>";
		};
		01666FB51B1EC853009E016C /* Supporting Files */ = {
			isa = PBXGroup;
			children = (
				01666FB61B1EC853009E016C /* Info.plist */,
			);
			name = "Supporting Files";
			sourceTree = "<group>";
		};
/* End PBXGroup section */

/* Begin PBXNativeTarget section */
		01666F9B1B1EC853009E016C /* Postcard */ = {
			isa = PBXNativeTarget;
			buildConfigurationList = 01666FBB1B1EC853009E016C /* Build configuration list for PBXNativeTarget "Postcard" */;
			buildPhases = (
				01666F981B1EC853009E016C /* Sources */,
				01666F991B1EC853009E016C /* Frameworks */,
				01666F9A1B1EC853009E016C /* Resources */,
			);
			buildRules = (
			);
			dependencies = (
			);
			name = Postcard;
			productName = Postcard;
			productReference = 01666F9C1B1EC853009E016C /* Postcard.app */;
			productType = "com.apple.product-type.application";
		};
		01666FB01B1EC853009E016C /* PostcardTests */ = {
			isa = PBXNativeTarget;
			buildConfigurationList = 01666FBE1B1EC853009E016C /* Build configuration list for PBXNativeTarget "PostcardTests" */;
			buildPhases = (
				01666FAD1B1EC853009E016C /* Sources */,
				01666FAE1B1EC853009E016C /* Frameworks */,
				01666FAF1B1EC853009E016C /* Resources */,
			);
			buildRules = (
			);
			dependencies = (
				01666FB31B1EC853009E016C /* PBXTargetDependency */,
			);
			name = PostcardTests;
			productName = PostcardTests;
			productReference = 01666FB11B1EC853009E016C /* PostcardTests.xctest */;
			productType = "com.apple.product-type.bundle.unit-test";
		};
/* End PBXNativeTarget section */

/* Begin PBXProject section */
		01666F941B1EC853009E016C /* Project object */ = {
			isa = PBXProject;
			attributes = {
				LastUpgradeCheck = 0630;
				ORGANIZATIONNAME = "Kris Kennington";
				TargetAttributes = {
					01666F9B1B1EC853009E016C = {
						CreatedOnToolsVersion = 6.3.1;
					};
					01666FB01B1EC853009E016C = {
						CreatedOnToolsVersion = 6.3.1;
						TestTargetID = 01666F9B1B1EC853009E016C;
					};
				};
			};
			buildConfigurationList = 01666F971B1EC853009E016C /* Build configuration list for PBXProject "Postcard" */;
			compatibilityVersion = "Xcode 3.2";
			developmentRegion = English;
			hasScannedForEncodings = 0;
			knownRegions = (
				en,
				Base,
			);
			mainGroup = 01666F931B1EC853009E016C;
			productRefGroup = 01666F9D1B1EC853009E016C /* Products */;
			projectDirPath = "";
			projectRoot = "";
			targets = (
				01666F9B1B1EC853009E016C /* Postcard */,
				01666FB01B1EC853009E016C /* PostcardTests */,
			);
		};
/* End PBXProject section */

/* Begin PBXResourcesBuildPhase section */
		01666F9A1B1EC853009E016C /* Resources */ = {
			isa = PBXResourcesBuildPhase;
			buildActionMask = 2147483647;
			files = (
				01666FA71B1EC853009E016C /* Main.storyboard in Resources */,
				01666FAC1B1EC853009E016C /* LaunchScreen.xib in Resources */,
				01666FA91B1EC853009E016C /* Images.xcassets in Resources */,
			);
			runOnlyForDeploymentPostprocessing = 0;
		};
		01666FAF1B1EC853009E016C /* Resources */ = {
			isa = PBXResourcesBuildPhase;
			buildActionMask = 2147483647;
			files = (
			);
			runOnlyForDeploymentPostprocessing = 0;
		};
/* End PBXResourcesBuildPhase section */

/* Begin PBXSourcesBuildPhase section */
		01666F981B1EC853009E016C /* Sources */ = {
			isa = PBXSourcesBuildPhase;
			buildActionMask = 2147483647;
			files = (
				01666FA41B1EC853009E016C /* ViewController.swift in Sources */,
				01666FA21B1EC853009E016C /* AppDelegate.swift in Sources */,
			);
			runOnlyForDeploymentPostprocessing = 0;
		};
		01666FAD1B1EC853009E016C /* Sources */ = {
			isa = PBXSourcesBuildPhase;
			buildActionMask = 2147483647;
			files = (
				01666FB81B1EC853009E016C /* PostcardTests.swift in Sources */,
			);
			runOnlyForDeploymentPostprocessing = 0;
		};
/* End PBXSourcesBuildPhase section */

/* Begin PBXTargetDependency section */
		01666FB31B1EC853009E016C /* PBXTargetDependency */ = {
			isa = PBXTargetDependency;
			target = 01666F9B1B1EC853009E016C /* Postcard */;
			targetProxy = 01666FB21B1EC853009E016C /* PBXContainerItemProxy */;
		};
/* End PBXTargetDependency section */

/* Begin PBXVariantGroup section */
		01666FA51B1EC853009E016C /* Main.storyboard */ = {
			isa = PBXVariantGroup;
			children = (
				01666FA61B1EC853009E016C /* Base */,
			);
			name = Main.storyboard;
			sourceTree = "<group>";
		};
		01666FAA1B1EC853009E016C /* LaunchScreen.xib */ = {
			isa = PBXVariantGroup;
			children = (
				01666FAB1B1EC853009E016C /* Base */,
			);
			name = LaunchScreen.xib;
			sourceTree = "<group>";
		};
/* End PBXVariantGroup section */

/* Begin XCBuildConfiguration section */
		01666FB91B1EC853009E016C /* Debug */ = {
			isa = XCBuildConfiguration;
			buildSettings = {
				ALWAYS_SEARCH_USER_PATHS = NO;
				CLANG_CXX_LANGUAGE_STANDARD = "gnu++0x";
				CLANG_CXX_LIBRARY = "libc++";
				CLANG_ENABLE_MODULES = YES;
				CLANG_ENABLE_OBJC_ARC = YES;
				CLANG_WARN_BOOL_CONVERSION = YES;
				CLANG_WARN_CONSTANT_CONVERSION = YES;
				CLANG_WARN_DIRECT_OBJC_ISA_USAGE = YES_ERROR;
				CLANG_WARN_EMPTY_BODY = YES;
				CLANG_WARN_ENUM_CONVERSION = YES;
				CLANG_WARN_INT_CONVERSION = YES;
				CLANG_WARN_OBJC_ROOT_CLASS = YES_ERROR;
				CLANG_WARN_UNREACHABLE_CODE = YES;
				CLANG_WARN__DUPLICATE_METHOD_MATCH = YES;
				"CODE_SIGN_IDENTITY[sdk=iphoneos*]" = "iPhone Developer";
				COPY_PHASE_STRIP = NO;
				DEBUG_INFORMATION_FORMAT = "dwarf-with-dsym";
				ENABLE_STRICT_OBJC_MSGSEND = YES;
				GCC_C_LANGUAGE_STANDARD = gnu99;
				GCC_DYNAMIC_NO_PIC = NO;
				GCC_NO_COMMON_BLOCKS = YES;
				GCC_OPTIMIZATION_LEVEL = 0;
				GCC_PREPROCESSOR_DEFINITIONS = (
					"DEBUG=1",
					"$(inherited)",
				);
				GCC_SYMBOLS_PRIVATE_EXTERN = NO;
				GCC_WARN_64_TO_32_BIT_CONVERSION = YES;
				GCC_WARN_ABOUT_RETURN_TYPE = YES_ERROR;
				GCC_WARN_UNDECLARED_SELECTOR = YES;
				GCC_WARN_UNINITIALIZED_AUTOS = YES_AGGRESSIVE;
				GCC_WARN_UNUSED_FUNCTION = YES;
				GCC_WARN_UNUSED_VARIABLE = YES;
				IPHONEOS_DEPLOYMENT_TARGET = 8.3;
				MTL_ENABLE_DEBUG_INFO = YES;
				ONLY_ACTIVE_ARCH = YES;
				SDKROOT = iphoneos;
				SWIFT_OPTIMIZATION_LEVEL = "-Onone";
				TARGETED_DEVICE_FAMILY = "1,2";
			};
			name = Debug;
		};
		01666FBA1B1EC853009E016C /* Release */ = {
			isa = XCBuildConfiguration;
			buildSettings = {
				ALWAYS_SEARCH_USER_PATHS = NO;
				CLANG_CXX_LANGUAGE_STANDARD = "gnu++0x";
				CLANG_CXX_LIBRARY = "libc++";
				CLANG_ENABLE_MODULES = YES;
				CLANG_ENABLE_OBJC_ARC = YES;
				CLANG_WARN_BOOL_CONVERSION = YES;
				CLANG_WARN_CONSTANT_CONVERSION = YES;
				CLANG_WARN_DIRECT_OBJC_ISA_USAGE = YES_ERROR;
				CLANG_WARN_EMPTY_BODY = YES;
				CLANG_WARN_ENUM_CONVERSION = YES;
				CLANG_WARN_INT_CONVERSION = YES;
				CLANG_WARN_OBJC_ROOT_CLASS = YES_ERROR;
				CLANG_WARN_UNREACHABLE_CODE = YES;
				CLANG_WARN__DUPLICATE_METHOD_MATCH = YES;
				"CODE_SIGN_IDENTITY[sdk=iphoneos*]" = "iPhone Developer";
				COPY_PHASE_STRIP = NO;
				DEBUG_INFORMATION_FORMAT = "dwarf-with-dsym";
				ENABLE_NS_ASSERTIONS = NO;
				ENABLE_STRICT_OBJC_MSGSEND = YES;
				GCC_C_LANGUAGE_STANDARD = gnu99;
				GCC_NO_COMMON_BLOCKS = YES;
				GCC_WARN_64_TO_32_BIT_CONVERSION = YES;
				GCC_WARN_ABOUT_RETURN_TYPE = YES_ERROR;
				GCC_WARN_UNDECLARED_SELECTOR = YES;
				GCC_WARN_UNINITIALIZED_AUTOS = YES_AGGRESSIVE;
				GCC_WARN_UNUSED_FUNCTION = YES;
				GCC_WARN_UNUSED_VARIABLE = YES;
				IPHONEOS_DEPLOYMENT_TARGET = 8.3;
				MTL_ENABLE_DEBUG_INFO = NO;
				SDKROOT = iphoneos;
				TARGETED_DEVICE_FAMILY = "1,2";
				VALIDATE_PRODUCT = YES;
			};
			name = Release;
		};
		01666FBC1B1EC853009E016C /* Debug */ = {
			isa = XCBuildConfiguration;
			buildSettings = {
				ASSETCATALOG_COMPILER_APPICON_NAME = AppIcon;
				INFOPLIST_FILE = Postcard/Info.plist;
				LD_RUNPATH_SEARCH_PATHS = "$(inherited) @executable_path/Frameworks";
				PRODUCT_NAME = "$(TARGET_NAME)";
			};
			name = Debug;
		};
		01666FBD1B1EC853009E016C /* Release */ = {
			isa = XCBuildConfiguration;
			buildSettings = {
				ASSETCATALOG_COMPILER_APPICON_NAME = AppIcon;
				INFOPLIST_FILE = Postcard/Info.plist;
				LD_RUNPATH_SEARCH_PATHS = "$(inherited) @executable_path/Frameworks";
				PRODUCT_NAME = "$(TARGET_NAME)";
			};
			name = Release;
		};
		01666FBF1B1EC853009E016C /* Debug */ = {
			isa = XCBuildConfiguration;
			buildSettings = {
				BUNDLE_LOADER = "$(TEST_HOST)";
				FRAMEWORK_SEARCH_PATHS = (
					"$(SDKROOT)/Developer/Library/Frameworks",
					"$(inherited)",
				);
				GCC_PREPROCESSOR_DEFINITIONS = (
					"DEBUG=1",
					"$(inherited)",
				);
				INFOPLIST_FILE = PostcardTests/Info.plist;
				LD_RUNPATH_SEARCH_PATHS = "$(inherited) @executable_path/Frameworks @loader_path/Frameworks";
				PRODUCT_NAME = "$(TARGET_NAME)";
				TEST_HOST = "$(BUILT_PRODUCTS_DIR)/Postcard.app/Postcard";
			};
			name = Debug;
		};
		01666FC01B1EC853009E016C /* Release */ = {
			isa = XCBuildConfiguration;
			buildSettings = {
				BUNDLE_LOADER = "$(TEST_HOST)";
				FRAMEWORK_SEARCH_PATHS = (
					"$(SDKROOT)/Developer/Library/Frameworks",
					"$(inherited)",
				);
				INFOPLIST_FILE = PostcardTests/Info.plist;
				LD_RUNPATH_SEARCH_PATHS = "$(inherited) @executable_path/Frameworks @loader_path/Frameworks";
				PRODUCT_NAME = "$(TARGET_NAME)";
				TEST_HOST = "$(BUILT_PRODUCTS_DIR)/Postcard.app/Postcard";
			};
			name = Release;
		};
/* End XCBuildConfiguration section */

/* Begin XCConfigurationList section */
		01666F971B1EC853009E016C /* Build configuration list for PBXProject "Postcard" */ = {
			isa = XCConfigurationList;
			buildConfigurations = (
				01666FB91B1EC853009E016C /* Debug */,
				01666FBA1B1EC853009E016C /* Release */,
			);
			defaultConfigurationIsVisible = 0;
			defaultConfigurationName = Release;
		};
		01666FBB1B1EC853009E016C /* Build configuration list for PBXNativeTarget "Postcard" */ = {
			isa = XCConfigurationList;
			buildConfigurations = (
				01666FBC1B1EC853009E016C /* Debug */,
				01666FBD1B1EC853009E016C /* Release */,
			);
			defaultConfigurationIsVisible = 0;
		};
		01666FBE1B1EC853009E016C /* Build configuration list for PBXNativeTarget "PostcardTests" */ = {
			isa = XCConfigurationList;
			buildConfigurations = (
				01666FBF1B1EC853009E016C /* Debug */,
				01666FC01B1EC853009E016C /* Release */,
			);
			defaultConfigurationIsVisible = 0;
		};
/* End XCConfigurationList section */
	};
	rootObject = 01666F941B1EC853009E016C /* Project object */;
}
